
Microsoft Visual Studio Solution File, Format Version 12.00
# Visual Studio Version 17
VisualStudioVersion = 17.8.34330.188
MinimumVisualStudioVersion = 10.0.40219.1
Project("{9A19103F-16F7-4668-BE54-9A1E7A4F7556}") = "Tangy_Server", "Tangy_Server\Tangy_Server.csproj", "{25B4B299-C50B-4249-9F0E-F9E1A5878417}"
EndProject
Project("{9A19103F-16F7-4668-BE54-9A1E7A4F7556}") = "Tangy_Client", "Tangy_Client\Tangy_Client.csproj", "{F01FA65D-E3CB-4E80-9611-4811C170E164}"
EndProject
Project("{9A19103F-16F7-4668-BE54-9A1E7A4F7556}") = "Tangy_Models", "Tangy_Models\Tangy_Models.csproj", "{63F184A3-5D6C-4C52-9AD6-B10D6ADDEE4B}"
EndProject
Project("{9A19103F-16F7-4668-BE54-9A1E7A4F7556}") = "Tangy_Business", "Tangy_Business\Tangy_Business.csproj", "{3FFF4108-CEC8-45E6-B3CB-DA6CC1440BA5}"
EndProject
Project("{9A19103F-16F7-4668-BE54-9A1E7A4F7556}") = "Tangy_Common", "Tangy_Common\Tangy_Common.csproj", "{E1DA88C4-1497-4F37-A4F4-C2602728B042}"
EndProject
Project("{9A19103F-16F7-4668-BE54-9A1E7A4F7556}") = "Tangy_DataAccess", "Tangy_DataAccess\Tangy_DataAccess.csproj", "{62AB6423-D0C9-4245-8F95-8A989123A772}"
EndProject
Global
	GlobalSection(SolutionConfigurationPlatforms) = preSolution
		Debug|Any CPU = Debug|Any CPU
		Release|Any CPU = Release|Any CPU
	EndGlobalSection
	GlobalSection(ProjectConfigurationPlatforms) = postSolution
		{25B4B299-C50B-4249-9F0E-F9E1A5878417}.Debug|Any CPU.ActiveCfg = Debug|Any CPU
		{25B4B299-C50B-4249-9F0E-F9E1A5878417}.Debug|Any CPU.Build.0 = Debug|Any CPU
		{25B4B299-C50B-4249-9F0E-F9E1A5878417}.Release|Any CPU.ActiveCfg = Release|Any CPU
		{25B4B299-C50B-4249-9F0E-F9E1A5878417}.Release|Any CPU.Build.0 = Release|Any CPU
		{F01FA65D-E3CB-4E80-9611-4811C170E164}.Debug|Any CPU.ActiveCfg = Debug|Any CPU
		{F01FA65D-E3CB-4E80-9611-4811C170E164}.Debug|Any CPU.Build.0 = Debug|Any CPU
		{F01FA65D-E3CB-4E80-9611-4811C170E164}.Release|Any CPU.ActiveCfg = Release|Any CPU
		{F01FA65D-E3CB-4E80-9611-4811C170E164}.Release|Any CPU.Build.0 = Release|Any CPU
		{63F184A3-5D6C-4C52-9AD6-B10D6ADDEE4B}.Debug|Any CPU.ActiveCfg = Debug|Any CPU
		{63F184A3-5D6C-4C52-9AD6-B10D6ADDEE4B}.Debug|Any CPU.Build.0 = Debug|Any CPU
		{63F184A3-5D6C-4C52-9AD6-B10D6ADDEE4B}.Release|Any CPU.ActiveCfg = Release|Any CPU
		{63F184A3-5D6C-4C52-9AD6-B10D6ADDEE4B}.Release|Any CPU.Build.0 = Release|Any CPU
		{3FFF4108-CEC8-45E6-B3CB-DA6CC1440BA5}.Debug|Any CPU.ActiveCfg = Debug|Any CPU
		{3FFF4108-CEC8-45E6-B3CB-DA6CC1440BA5}.Debug|Any CPU.Build.0 = Debug|Any CPU
		{3FFF4108-CEC8-45E6-B3CB-DA6CC1440BA5}.Release|Any CPU.ActiveCfg = Release|Any CPU
		{3FFF4108-CEC8-45E6-B3CB-DA6CC1440BA5}.Release|Any CPU.Build.0 = Release|Any CPU
		{E1DA88C4-1497-4F37-A4F4-C2602728B042}.Debug|Any CPU.ActiveCfg = Debug|Any CPU
		{E1DA88C4-1497-4F37-A4F4-C2602728B042}.Debug|Any CPU.Build.0 = Debug|Any CPU
		{E1DA88C4-1497-4F37-A4F4-C2602728B042}.Release|Any CPU.ActiveCfg = Release|Any CPU
		{E1DA88C4-1497-4F37-A4F4-C2602728B042}.Release|Any CPU.Build.0 = Release|Any CPU
		{62AB6423-D0C9-4245-8F95-8A989123A772}.Debug|Any CPU.ActiveCfg = Debug|Any CPU
		{62AB6423-D0C9-4245-8F95-8A989123A772}.Debug|Any CPU.Build.0 = Debug|Any CPU
		{62AB6423-D0C9-4245-8F95-8A989123A772}.Release|Any CPU.ActiveCfg = Release|Any CPU
		{62AB6423-D0C9-4245-8F95-8A989123A772}.Release|Any CPU.Build.0 = Release|Any CPU
	EndGlobalSection
	GlobalSection(SolutionProperties) = preSolution
		HideSolutionNode = FALSE
	EndGlobalSection
	GlobalSection(ExtensibilityGlobals) = postSolution
		SolutionGuid = {B3DFB92D-D1EE-4755-A719-E1C034A5DC08}
	EndGlobalSection
EndGlobal
